
Microsoft Visual Studio Solution File, Format Version 12.00
# Visual Studio Version 16
VisualStudioVersion = 16.0.31019.35
MinimumVisualStudioVersion = 10.0.40219.1
Project("{FAE04EC0-301F-11D3-BF4B-00C04F79EFBC}") = "TareaClasePrograB", "TareaClasePrograB\TareaClasePrograB.csproj", "{40EC1AEA-D1E5-4F95-AD94-114C042A1031}"
EndProject
Global
	GlobalSection(SolutionConfigurationPlatforms) = preSolution
		Debug|Any CPU = Debug|Any CPU
		Release|Any CPU = Release|Any CPU
	EndGlobalSection
	GlobalSection(ProjectConfigurationPlatforms) = postSolution
		{40EC1AEA-D1E5-4F95-AD94-114C042A1031}.Debug|Any CPU.ActiveCfg = Debug|Any CPU
		{40EC1AEA-D1E5-4F95-AD94-114C042A1031}.Debug|Any CPU.Build.0 = Debug|Any CPU
		{40EC1AEA-D1E5-4F95-AD94-114C042A1031}.Release|Any CPU.ActiveCfg = Release|Any CPU
		{40EC1AEA-D1E5-4F95-AD94-114C042A1031}.Release|Any CPU.Build.0 = Release|Any CPU
	EndGlobalSection
	GlobalSection(SolutionProperties) = preSolution
		HideSolutionNode = FALSE
	EndGlobalSection
	GlobalSection(ExtensibilityGlobals) = postSolution
		SolutionGuid = {A4DFD0E8-4F84-4EE2-844B-5D53091DDCCD}
	EndGlobalSection
EndGlobal
